// !$*UTF8*$!
{
	archiveVersion = 1;
	classes = {
	};
	objectVersion = 55;
	objects = {

/* Begin PBXBuildFile section */
		1292434028D6BF4E00A20A84 /* FavoriteFuluLogView.swift in Sources */ = {isa = PBXBuildFile; fileRef = 1292433F28D6BF4E00A20A84 /* FavoriteFuluLogView.swift */; };
		1292434428D70C5800A20A84 /* EntryFavoriteFuluLogView.swift in Sources */ = {isa = PBXBuildFile; fileRef = 1292434328D70C5700A20A84 /* EntryFavoriteFuluLogView.swift */; };
		1292434628DA66D500A20A84 /* RewardBtnView.swift in Sources */ = {isa = PBXBuildFile; fileRef = 1292434528DA66D500A20A84 /* RewardBtnView.swift */; };
		12ED239228CCBD4D00CCED4F /* FuluLogApp.swift in Sources */ = {isa = PBXBuildFile; fileRef = 12ED239128CCBD4D00CCED4F /* FuluLogApp.swift */; };
		12ED239428CCBD4D00CCED4F /* ContentView.swift in Sources */ = {isa = PBXBuildFile; fileRef = 12ED239328CCBD4D00CCED4F /* ContentView.swift */; };
		12ED239628CCBD4D00CCED4F /* Assets.xcassets in Resources */ = {isa = PBXBuildFile; fileRef = 12ED239528CCBD4D00CCED4F /* Assets.xcassets */; };
		12ED239928CCBD4D00CCED4F /* Preview Assets.xcassets in Resources */ = {isa = PBXBuildFile; fileRef = 12ED239828CCBD4D00CCED4F /* Preview Assets.xcassets */; };
		12ED23A228CCBDDA00CCED4F /* FuluLogModels.swift in Sources */ = {isa = PBXBuildFile; fileRef = 12ED23A128CCBDDA00CCED4F /* FuluLogModels.swift */; };
		12ED23A428CCBE3500CCED4F /* FileController.swift in Sources */ = {isa = PBXBuildFile; fileRef = 12ED23A328CCBE3500CCED4F /* FileController.swift */; };
		12ED23A628CCC02C00CCED4F /* EntryFuluLogView.swift in Sources */ = {isa = PBXBuildFile; fileRef = 12ED23A528CCC02C00CCED4F /* EntryFuluLogView.swift */; };
		12ED23A828CCC03C00CCED4F /* ListFuluLogView.swift in Sources */ = {isa = PBXBuildFile; fileRef = 12ED23A728CCC03C00CCED4F /* ListFuluLogView.swift */; };
		12ED23AA28CCC04800CCED4F /* RowFuluLogView.swift in Sources */ = {isa = PBXBuildFile; fileRef = 12ED23A928CCC04800CCED4F /* RowFuluLogView.swift */; };
		12ED23AD28CCC20C00CCED4F /* SettingView.swift in Sources */ = {isa = PBXBuildFile; fileRef = 12ED23AC28CCC20C00CCED4F /* SettingView.swift */; };
		12ED23AF28CCC6E100CCED4F /* InputFuluLogView.swift in Sources */ = {isa = PBXBuildFile; fileRef = 12ED23AE28CCC6E100CCED4F /* InputFuluLogView.swift */; };
		12ED23B128CDAF4B00CCED4F /* DetailFuluLogView.swift in Sources */ = {isa = PBXBuildFile; fileRef = 12ED23B028CDAF4B00CCED4F /* DetailFuluLogView.swift */; };
		12ED23B328CDB1D900CCED4F /* UpdateFuluLogView.swift in Sources */ = {isa = PBXBuildFile; fileRef = 12ED23B228CDB1D800CCED4F /* UpdateFuluLogView.swift */; };
		12ED23BB28CFD69200CCED4F /* HeaderView.swift in Sources */ = {isa = PBXBuildFile; fileRef = 12ED23BA28CFD69200CCED4F /* HeaderView.swift */; };
		12ED23BD28D0C24D00CCED4F /* AdMobViewModels.swift in Sources */ = {isa = PBXBuildFile; fileRef = 12ED23BC28D0C24D00CCED4F /* AdMobViewModels.swift */; };
		12ED23C028D529D400CCED4F /* DonationLimitView.swift in Sources */ = {isa = PBXBuildFile; fileRef = 12ED23BF28D529D400CCED4F /* DonationLimitView.swift */; };
		12ED23C228D5560E00CCED4F /* ListDonationLimitHistory.swift in Sources */ = {isa = PBXBuildFile; fileRef = 12ED23C128D5560E00CCED4F /* ListDonationLimitHistory.swift */; };
		12ED23C428D5D01600CCED4F /* SumDonationAmountView.swift in Sources */ = {isa = PBXBuildFile; fileRef = 12ED23C328D5D01600CCED4F /* SumDonationAmountView.swift */; };
		12ED23C828D5F35700CCED4F /* PickerTimeView.swift in Sources */ = {isa = PBXBuildFile; fileRef = 12ED23C728D5F35700CCED4F /* PickerTimeView.swift */; };
		12ED23CA28D5F61100CCED4F /* SearchBoxView.swift in Sources */ = {isa = PBXBuildFile; fileRef = 12ED23C928D5F61100CCED4F /* SearchBoxView.swift */; };
		7BF061C16D6638AA848DA18B /* Pods_FuluLog.framework in Frameworks */ = {isa = PBXBuildFile; fileRef = C5CAB995EBF320EF514E2B45 /* Pods_FuluLog.framework */; };
/* End PBXBuildFile section */

/* Begin PBXFileReference section */
		1292433F28D6BF4E00A20A84 /* FavoriteFuluLogView.swift */ = {isa = PBXFileReference; lastKnownFileType = sourcecode.swift; path = FavoriteFuluLogView.swift; sourceTree = "<group>"; };
		1292434328D70C5700A20A84 /* EntryFavoriteFuluLogView.swift */ = {isa = PBXFileReference; lastKnownFileType = sourcecode.swift; path = EntryFavoriteFuluLogView.swift; sourceTree = "<group>"; };
		1292434528DA66D500A20A84 /* RewardBtnView.swift */ = {isa = PBXFileReference; lastKnownFileType = sourcecode.swift; path = RewardBtnView.swift; sourceTree = "<group>"; };
		12ED238E28CCBD4D00CCED4F /* FuluLog.app */ = {isa = PBXFileReference; explicitFileType = wrapper.application; includeInIndex = 0; path = FuluLog.app; sourceTree = BUILT_PRODUCTS_DIR; };
		12ED239128CCBD4D00CCED4F /* FuluLogApp.swift */ = {isa = PBXFileReference; lastKnownFileType = sourcecode.swift; path = FuluLogApp.swift; sourceTree = "<group>"; };
		12ED239328CCBD4D00CCED4F /* ContentView.swift */ = {isa = PBXFileReference; lastKnownFileType = sourcecode.swift; path = ContentView.swift; sourceTree = "<group>"; };
		12ED239528CCBD4D00CCED4F /* Assets.xcassets */ = {isa = PBXFileReference; lastKnownFileType = folder.assetcatalog; path = Assets.xcassets; sourceTree = "<group>"; };
		12ED239828CCBD4D00CCED4F /* Preview Assets.xcassets */ = {isa = PBXFileReference; lastKnownFileType = folder.assetcatalog; path = "Preview Assets.xcassets"; sourceTree = "<group>"; };
		12ED239F28CCBDA600CCED4F /* Info.plist */ = {isa = PBXFileReference; lastKnownFileType = text.plist; path = Info.plist; sourceTree = "<group>"; };
		12ED23A128CCBDDA00CCED4F /* FuluLogModels.swift */ = {isa = PBXFileReference; lastKnownFileType = sourcecode.swift; path = FuluLogModels.swift; sourceTree = "<group>"; };
		12ED23A328CCBE3500CCED4F /* FileController.swift */ = {isa = PBXFileReference; lastKnownFileType = sourcecode.swift; path = FileController.swift; sourceTree = "<group>"; };
		12ED23A528CCC02C00CCED4F /* EntryFuluLogView.swift */ = {isa = PBXFileReference; lastKnownFileType = sourcecode.swift; path = EntryFuluLogView.swift; sourceTree = "<group>"; };
		12ED23A728CCC03C00CCED4F /* ListFuluLogView.swift */ = {isa = PBXFileReference; lastKnownFileType = sourcecode.swift; path = ListFuluLogView.swift; sourceTree = "<group>"; };
		12ED23A928CCC04800CCED4F /* RowFuluLogView.swift */ = {isa = PBXFileReference; lastKnownFileType = sourcecode.swift; path = RowFuluLogView.swift; sourceTree = "<group>"; };
		12ED23AC28CCC20C00CCED4F /* SettingView.swift */ = {isa = PBXFileReference; lastKnownFileType = sourcecode.swift; path = SettingView.swift; sourceTree = "<group>"; };
		12ED23AE28CCC6E100CCED4F /* InputFuluLogView.swift */ = {isa = PBXFileReference; lastKnownFileType = sourcecode.swift; path = InputFuluLogView.swift; sourceTree = "<group>"; };
		12ED23B028CDAF4B00CCED4F /* DetailFuluLogView.swift */ = {isa = PBXFileReference; lastKnownFileType = sourcecode.swift; path = DetailFuluLogView.swift; sourceTree = "<group>"; };
		12ED23B228CDB1D800CCED4F /* UpdateFuluLogView.swift */ = {isa = PBXFileReference; lastKnownFileType = sourcecode.swift; path = UpdateFuluLogView.swift; sourceTree = "<group>"; };
		12ED23BA28CFD69200CCED4F /* HeaderView.swift */ = {isa = PBXFileReference; lastKnownFileType = sourcecode.swift; path = HeaderView.swift; sourceTree = "<group>"; };
		12ED23BC28D0C24D00CCED4F /* AdMobViewModels.swift */ = {isa = PBXFileReference; lastKnownFileType = sourcecode.swift; path = AdMobViewModels.swift; sourceTree = "<group>"; };
		12ED23BF28D529D400CCED4F /* DonationLimitView.swift */ = {isa = PBXFileReference; lastKnownFileType = sourcecode.swift; path = DonationLimitView.swift; sourceTree = "<group>"; };
		12ED23C128D5560E00CCED4F /* ListDonationLimitHistory.swift */ = {isa = PBXFileReference; lastKnownFileType = sourcecode.swift; path = ListDonationLimitHistory.swift; sourceTree = "<group>"; };
		12ED23C328D5D01600CCED4F /* SumDonationAmountView.swift */ = {isa = PBXFileReference; lastKnownFileType = sourcecode.swift; path = SumDonationAmountView.swift; sourceTree = "<group>"; };
		12ED23C728D5F35700CCED4F /* PickerTimeView.swift */ = {isa = PBXFileReference; lastKnownFileType = sourcecode.swift; path = PickerTimeView.swift; sourceTree = "<group>"; };
		12ED23C928D5F61100CCED4F /* SearchBoxView.swift */ = {isa = PBXFileReference; lastKnownFileType = sourcecode.swift; path = SearchBoxView.swift; sourceTree = "<group>"; };
		2EB92DE73482AAB3EE80BB61 /* Pods-FuluLog.debug.xcconfig */ = {isa = PBXFileReference; includeInIndex = 1; lastKnownFileType = text.xcconfig; name = "Pods-FuluLog.debug.xcconfig"; path = "Target Support Files/Pods-FuluLog/Pods-FuluLog.debug.xcconfig"; sourceTree = "<group>"; };
		A1BCA1C77E13AF204450637E /* Pods-FuluLog.release.xcconfig */ = {isa = PBXFileReference; includeInIndex = 1; lastKnownFileType = text.xcconfig; name = "Pods-FuluLog.release.xcconfig"; path = "Target Support Files/Pods-FuluLog/Pods-FuluLog.release.xcconfig"; sourceTree = "<group>"; };
		C5CAB995EBF320EF514E2B45 /* Pods_FuluLog.framework */ = {isa = PBXFileReference; explicitFileType = wrapper.framework; includeInIndex = 0; path = Pods_FuluLog.framework; sourceTree = BUILT_PRODUCTS_DIR; };
/* End PBXFileReference section */

/* Begin PBXFrameworksBuildPhase section */
		12ED238B28CCBD4D00CCED4F /* Frameworks */ = {
			isa = PBXFrameworksBuildPhase;
			buildActionMask = 2147483647;
			files = (
				7BF061C16D6638AA848DA18B /* Pods_FuluLog.framework in Frameworks */,
			);
			runOnlyForDeploymentPostprocessing = 0;
		};
/* End PBXFrameworksBuildPhase section */

/* Begin PBXGroup section */
		1292434228D70B9400A20A84 /* FavoriteFuluLog */ = {
			isa = PBXGroup;
			children = (
				1292434328D70C5700A20A84 /* EntryFavoriteFuluLogView.swift */,
			);
			path = FavoriteFuluLog;
			sourceTree = "<group>";
		};
		12ED238528CCBD4D00CCED4F = {
			isa = PBXGroup;
			children = (
				12ED239028CCBD4D00CCED4F /* FuluLog */,
				12ED238F28CCBD4D00CCED4F /* Products */,
				32BC43F6E990B08787FE7FBC /* Pods */,
				3898080679FD8AFEBB9CFFA3 /* Frameworks */,
			);
			sourceTree = "<group>";
		};
		12ED238F28CCBD4D00CCED4F /* Products */ = {
			isa = PBXGroup;
			children = (
				12ED238E28CCBD4D00CCED4F /* FuluLog.app */,
			);
			name = Products;
			sourceTree = "<group>";
		};
		12ED239028CCBD4D00CCED4F /* FuluLog */ = {
			isa = PBXGroup;
			children = (
				12ED239F28CCBDA600CCED4F /* Info.plist */,
				12ED239128CCBD4D00CCED4F /* FuluLogApp.swift */,
				12ED239328CCBD4D00CCED4F /* ContentView.swift */,
				12ED23A528CCC02C00CCED4F /* EntryFuluLogView.swift */,
				12ED23A728CCC03C00CCED4F /* ListFuluLogView.swift */,
				1292433F28D6BF4E00A20A84 /* FavoriteFuluLogView.swift */,
				12ED23AC28CCC20C00CCED4F /* SettingView.swift */,
				12ED23BE28D529A000CCED4F /* ChildView */,
				12ED23AB28CCC04C00CCED4F /* ViewComponents */,
				12ED23A028CCBDC300CCED4F /* Models */,
				12ED239528CCBD4D00CCED4F /* Assets.xcassets */,
				12ED239728CCBD4D00CCED4F /* Preview Content */,
			);
			path = FuluLog;
			sourceTree = "<group>";
		};
		12ED239728CCBD4D00CCED4F /* Preview Content */ = {
			isa = PBXGroup;
			children = (
				12ED239828CCBD4D00CCED4F /* Preview Assets.xcassets */,
			);
			path = "Preview Content";
			sourceTree = "<group>";
		};
		12ED23A028CCBDC300CCED4F /* Models */ = {
			isa = PBXGroup;
			children = (
				12ED23A128CCBDDA00CCED4F /* FuluLogModels.swift */,
				12ED23A328CCBE3500CCED4F /* FileController.swift */,
				12ED23BC28D0C24D00CCED4F /* AdMobViewModels.swift */,
			);
			path = Models;
			sourceTree = "<group>";
		};
		12ED23AB28CCC04C00CCED4F /* ViewComponents */ = {
			isa = PBXGroup;
			children = (
				12ED23B228CDB1D800CCED4F /* UpdateFuluLogView.swift */,
				12ED23B028CDAF4B00CCED4F /* DetailFuluLogView.swift */,
				12ED23A928CCC04800CCED4F /* RowFuluLogView.swift */,
				12ED23AE28CCC6E100CCED4F /* InputFuluLogView.swift */,
				12ED23BA28CFD69200CCED4F /* HeaderView.swift */,
			);
			path = ViewComponents;
			sourceTree = "<group>";
		};
		12ED23BE28D529A000CCED4F /* ChildView */ = {
			isa = PBXGroup;
			children = (
				12ED23C628D5D37500CCED4F /* ListFuluLog */,
				1292434228D70B9400A20A84 /* FavoriteFuluLog */,
				12ED23C528D5D35200CCED4F /* Setting */,
			);
			path = ChildView;
			sourceTree = "<group>";
		};
		12ED23C528D5D35200CCED4F /* Setting */ = {
			isa = PBXGroup;
			children = (
				12ED23BF28D529D400CCED4F /* DonationLimitView.swift */,
				12ED23C128D5560E00CCED4F /* ListDonationLimitHistory.swift */,
				1292434528DA66D500A20A84 /* RewardBtnView.swift */,
			);
			path = Setting;
			sourceTree = "<group>";
		};
		12ED23C628D5D37500CCED4F /* ListFuluLog */ = {
			isa = PBXGroup;
			children = (
				12ED23C928D5F61100CCED4F /* SearchBoxView.swift */,
				12ED23C728D5F35700CCED4F /* PickerTimeView.swift */,
				12ED23C328D5D01600CCED4F /* SumDonationAmountView.swift */,
			);
			path = ListFuluLog;
			sourceTree = "<group>";
		};
		32BC43F6E990B08787FE7FBC /* Pods */ = {
			isa = PBXGroup;
			children = (
				2EB92DE73482AAB3EE80BB61 /* Pods-FuluLog.debug.xcconfig */,
				A1BCA1C77E13AF204450637E /* Pods-FuluLog.release.xcconfig */,
			);
			path = Pods;
			sourceTree = "<group>";
		};
		3898080679FD8AFEBB9CFFA3 /* Frameworks */ = {
			isa = PBXGroup;
			children = (
				C5CAB995EBF320EF514E2B45 /* Pods_FuluLog.framework */,
			);
			name = Frameworks;
			sourceTree = "<group>";
		};
/* End PBXGroup section */

/* Begin PBXNativeTarget section */
		12ED238D28CCBD4D00CCED4F /* FuluLog */ = {
			isa = PBXNativeTarget;
			buildConfigurationList = 12ED239C28CCBD4D00CCED4F /* Build configuration list for PBXNativeTarget "FuluLog" */;
			buildPhases = (
				CA866ECD3F93C7D2D381456F /* [CP] Check Pods Manifest.lock */,
				12ED238A28CCBD4D00CCED4F /* Sources */,
				12ED238B28CCBD4D00CCED4F /* Frameworks */,
				12ED238C28CCBD4D00CCED4F /* Resources */,
				4A2A001799C873DB712890BC /* [CP] Embed Pods Frameworks */,
			);
			buildRules = (
			);
			dependencies = (
			);
			name = FuluLog;
			productName = FuluLog;
			productReference = 12ED238E28CCBD4D00CCED4F /* FuluLog.app */;
			productType = "com.apple.product-type.application";
		};
/* End PBXNativeTarget section */

/* Begin PBXProject section */
		12ED238628CCBD4D00CCED4F /* Project object */ = {
			isa = PBXProject;
			attributes = {
				BuildIndependentTargetsInParallel = 1;
				LastSwiftUpdateCheck = 1340;
				LastUpgradeCheck = 1340;
				TargetAttributes = {
					12ED238D28CCBD4D00CCED4F = {
						CreatedOnToolsVersion = 13.4.1;
					};
				};
			};
			buildConfigurationList = 12ED238928CCBD4D00CCED4F /* Build configuration list for PBXProject "FuluLog" */;
			compatibilityVersion = "Xcode 13.0";
			developmentRegion = en;
			hasScannedForEncodings = 0;
			knownRegions = (
				en,
				Base,
			);
			mainGroup = 12ED238528CCBD4D00CCED4F;
			productRefGroup = 12ED238F28CCBD4D00CCED4F /* Products */;
			projectDirPath = "";
			projectRoot = "";
			targets = (
				12ED238D28CCBD4D00CCED4F /* FuluLog */,
			);
		};
/* End PBXProject section */

/* Begin PBXResourcesBuildPhase section */
		12ED238C28CCBD4D00CCED4F /* Resources */ = {
			isa = PBXResourcesBuildPhase;
			buildActionMask = 2147483647;
			files = (
				12ED239928CCBD4D00CCED4F /* Preview Assets.xcassets in Resources */,
				12ED239628CCBD4D00CCED4F /* Assets.xcassets in Resources */,
			);
			runOnlyForDeploymentPostprocessing = 0;
		};
/* End PBXResourcesBuildPhase section */

/* Begin PBXShellScriptBuildPhase section */
		4A2A001799C873DB712890BC /* [CP] Embed Pods Frameworks */ = {
			isa = PBXShellScriptBuildPhase;
			buildActionMask = 2147483647;
			files = (
			);
			inputFileListPaths = (
				"${PODS_ROOT}/Target Support Files/Pods-FuluLog/Pods-FuluLog-frameworks-${CONFIGURATION}-input-files.xcfilelist",
			);
			name = "[CP] Embed Pods Frameworks";
			outputFileListPaths = (
				"${PODS_ROOT}/Target Support Files/Pods-FuluLog/Pods-FuluLog-frameworks-${CONFIGURATION}-output-files.xcfilelist",
			);
			runOnlyForDeploymentPostprocessing = 0;
			shellPath = /bin/sh;
			shellScript = "\"${PODS_ROOT}/Target Support Files/Pods-FuluLog/Pods-FuluLog-frameworks.sh\"\n";
			showEnvVarsInLog = 0;
		};
		CA866ECD3F93C7D2D381456F /* [CP] Check Pods Manifest.lock */ = {
			isa = PBXShellScriptBuildPhase;
			buildActionMask = 2147483647;
			files = (
			);
			inputFileListPaths = (
			);
			inputPaths = (
				"${PODS_PODFILE_DIR_PATH}/Podfile.lock",
				"${PODS_ROOT}/Manifest.lock",
			);
			name = "[CP] Check Pods Manifest.lock";
			outputFileListPaths = (
			);
			outputPaths = (
				"$(DERIVED_FILE_DIR)/Pods-FuluLog-checkManifestLockResult.txt",
			);
			runOnlyForDeploymentPostprocessing = 0;
			shellPath = /bin/sh;
			shellScript = "diff \"${PODS_PODFILE_DIR_PATH}/Podfile.lock\" \"${PODS_ROOT}/Manifest.lock\" > /dev/null\nif [ $? != 0 ] ; then\n    # print error to STDERR\n    echo \"error: The sandbox is not in sync with the Podfile.lock. Run 'pod install' or update your CocoaPods installation.\" >&2\n    exit 1\nfi\n# This output is used by Xcode 'outputs' to avoid re-running this script phase.\necho \"SUCCESS\" > \"${SCRIPT_OUTPUT_FILE_0}\"\n";
			showEnvVarsInLog = 0;
		};
/* End PBXShellScriptBuildPhase section */

/* Begin PBXSourcesBuildPhase section */
		12ED238A28CCBD4D00CCED4F /* Sources */ = {
			isa = PBXSourcesBuildPhase;
			buildActionMask = 2147483647;
			files = (
				12ED23C828D5F35700CCED4F /* PickerTimeView.swift in Sources */,
				12ED239428CCBD4D00CCED4F /* ContentView.swift in Sources */,
				12ED23AA28CCC04800CCED4F /* RowFuluLogView.swift in Sources */,
				12ED23C028D529D400CCED4F /* DonationLimitView.swift in Sources */,
				1292434628DA66D500A20A84 /* RewardBtnView.swift in Sources */,
				12ED23CA28D5F61100CCED4F /* SearchBoxView.swift in Sources */,
				12ED23C228D5560E00CCED4F /* ListDonationLimitHistory.swift in Sources */,
				12ED23AF28CCC6E100CCED4F /* InputFuluLogView.swift in Sources */,
				12ED239228CCBD4D00CCED4F /* FuluLogApp.swift in Sources */,
				12ED23C428D5D01600CCED4F /* SumDonationAmountView.swift in Sources */,
				12ED23B328CDB1D900CCED4F /* UpdateFuluLogView.swift in Sources */,
				12ED23A628CCC02C00CCED4F /* EntryFuluLogView.swift in Sources */,
				12ED23BD28D0C24D00CCED4F /* AdMobViewModels.swift in Sources */,
				12ED23A228CCBDDA00CCED4F /* FuluLogModels.swift in Sources */,
				12ED23BB28CFD69200CCED4F /* HeaderView.swift in Sources */,
				12ED23AD28CCC20C00CCED4F /* SettingView.swift in Sources */,
				12ED23B128CDAF4B00CCED4F /* DetailFuluLogView.swift in Sources */,
				1292434428D70C5800A20A84 /* EntryFavoriteFuluLogView.swift in Sources */,
				1292434028D6BF4E00A20A84 /* FavoriteFuluLogView.swift in Sources */,
				12ED23A428CCBE3500CCED4F /* FileController.swift in Sources */,
				12ED23A828CCC03C00CCED4F /* ListFuluLogView.swift in Sources */,
			);
			runOnlyForDeploymentPostprocessing = 0;
		};
/* End PBXSourcesBuildPhase section */

/* Begin XCBuildConfiguration section */
		12ED239A28CCBD4D00CCED4F /* Debug */ = {
			isa = XCBuildConfiguration;
			buildSettings = {
				ALWAYS_SEARCH_USER_PATHS = NO;
				CLANG_ANALYZER_NONNULL = YES;
				CLANG_ANALYZER_NUMBER_OBJECT_CONVERSION = YES_AGGRESSIVE;
				CLANG_CXX_LANGUAGE_STANDARD = "gnu++17";
				CLANG_ENABLE_MODULES = YES;
				CLANG_ENABLE_OBJC_ARC = YES;
				CLANG_ENABLE_OBJC_WEAK = YES;
				CLANG_WARN_BLOCK_CAPTURE_AUTORELEASING = YES;
				CLANG_WARN_BOOL_CONVERSION = YES;
				CLANG_WARN_COMMA = YES;
				CLANG_WARN_CONSTANT_CONVERSION = YES;
				CLANG_WARN_DEPRECATED_OBJC_IMPLEMENTATIONS = YES;
				CLANG_WARN_DIRECT_OBJC_ISA_USAGE = YES_ERROR;
				CLANG_WARN_DOCUMENTATION_COMMENTS = YES;
				CLANG_WARN_EMPTY_BODY = YES;
				CLANG_WARN_ENUM_CONVERSION = YES;
				CLANG_WARN_INFINITE_RECURSION = YES;
				CLANG_WARN_INT_CONVERSION = YES;
				CLANG_WARN_NON_LITERAL_NULL_CONVERSION = YES;
				CLANG_WARN_OBJC_IMPLICIT_RETAIN_SELF = YES;
				CLANG_WARN_OBJC_LITERAL_CONVERSION = YES;
				CLANG_WARN_OBJC_ROOT_CLASS = YES_ERROR;
				CLANG_WARN_QUOTED_INCLUDE_IN_FRAMEWORK_HEADER = YES;
				CLANG_WARN_RANGE_LOOP_ANALYSIS = YES;
				CLANG_WARN_STRICT_PROTOTYPES = YES;
				CLANG_WARN_SUSPICIOUS_MOVE = YES;
				CLANG_WARN_UNGUARDED_AVAILABILITY = YES_AGGRESSIVE;
				CLANG_WARN_UNREACHABLE_CODE = YES;
				CLANG_WARN__DUPLICATE_METHOD_MATCH = YES;
				COPY_PHASE_STRIP = NO;
				DEBUG_INFORMATION_FORMAT = dwarf;
				ENABLE_STRICT_OBJC_MSGSEND = YES;
				ENABLE_TESTABILITY = YES;
				GCC_C_LANGUAGE_STANDARD = gnu11;
				GCC_DYNAMIC_NO_PIC = NO;
				GCC_NO_COMMON_BLOCKS = YES;
				GCC_OPTIMIZATION_LEVEL = 0;
				GCC_PREPROCESSOR_DEFINITIONS = (
					"DEBUG=1",
					"$(inherited)",
				);
				GCC_WARN_64_TO_32_BIT_CONVERSION = YES;
				GCC_WARN_ABOUT_RETURN_TYPE = YES_ERROR;
				GCC_WARN_UNDECLARED_SELECTOR = YES;
				GCC_WARN_UNINITIALIZED_AUTOS = YES_AGGRESSIVE;
				GCC_WARN_UNUSED_FUNCTION = YES;
				GCC_WARN_UNUSED_VARIABLE = YES;
				IPHONEOS_DEPLOYMENT_TARGET = 15.5;
				MTL_ENABLE_DEBUG_INFO = INCLUDE_SOURCE;
				MTL_FAST_MATH = YES;
				ONLY_ACTIVE_ARCH = YES;
				SDKROOT = iphoneos;
				SWIFT_ACTIVE_COMPILATION_CONDITIONS = DEBUG;
				SWIFT_OPTIMIZATION_LEVEL = "-Onone";
			};
			name = Debug;
		};
		12ED239B28CCBD4D00CCED4F /* Release */ = {
			isa = XCBuildConfiguration;
			buildSettings = {
				ALWAYS_SEARCH_USER_PATHS = NO;
				CLANG_ANALYZER_NONNULL = YES;
				CLANG_ANALYZER_NUMBER_OBJECT_CONVERSION = YES_AGGRESSIVE;
				CLANG_CXX_LANGUAGE_STANDARD = "gnu++17";
				CLANG_ENABLE_MODULES = YES;
				CLANG_ENABLE_OBJC_ARC = YES;
				CLANG_ENABLE_OBJC_WEAK = YES;
				CLANG_WARN_BLOCK_CAPTURE_AUTORELEASING = YES;
				CLANG_WARN_BOOL_CONVERSION = YES;
				CLANG_WARN_COMMA = YES;
				CLANG_WARN_CONSTANT_CONVERSION = YES;
				CLANG_WARN_DEPRECATED_OBJC_IMPLEMENTATIONS = YES;
				CLANG_WARN_DIRECT_OBJC_ISA_USAGE = YES_ERROR;
				CLANG_WARN_DOCUMENTATION_COMMENTS = YES;
				CLANG_WARN_EMPTY_BODY = YES;
				CLANG_WARN_ENUM_CONVERSION = YES;
				CLANG_WARN_INFINITE_RECURSION = YES;
				CLANG_WARN_INT_CONVERSION = YES;
				CLANG_WARN_NON_LITERAL_NULL_CONVERSION = YES;
				CLANG_WARN_OBJC_IMPLICIT_RETAIN_SELF = YES;
				CLANG_WARN_OBJC_LITERAL_CONVERSION = YES;
				CLANG_WARN_OBJC_ROOT_CLASS = YES_ERROR;
				CLANG_WARN_QUOTED_INCLUDE_IN_FRAMEWORK_HEADER = YES;
				CLANG_WARN_RANGE_LOOP_ANALYSIS = YES;
				CLANG_WARN_STRICT_PROTOTYPES = YES;
				CLANG_WARN_SUSPICIOUS_MOVE = YES;
				CLANG_WARN_UNGUARDED_AVAILABILITY = YES_AGGRESSIVE;
				CLANG_WARN_UNREACHABLE_CODE = YES;
				CLANG_WARN__DUPLICATE_METHOD_MATCH = YES;
				COPY_PHASE_STRIP = NO;
				DEBUG_INFORMATION_FORMAT = "dwarf-with-dsym";
				ENABLE_NS_ASSERTIONS = NO;
				ENABLE_STRICT_OBJC_MSGSEND = YES;
				GCC_C_LANGUAGE_STANDARD = gnu11;
				GCC_NO_COMMON_BLOCKS = YES;
				GCC_WARN_64_TO_32_BIT_CONVERSION = YES;
				GCC_WARN_ABOUT_RETURN_TYPE = YES_ERROR;
				GCC_WARN_UNDECLARED_SELECTOR = YES;
				GCC_WARN_UNINITIALIZED_AUTOS = YES_AGGRESSIVE;
				GCC_WARN_UNUSED_FUNCTION = YES;
				GCC_WARN_UNUSED_VARIABLE = YES;
				IPHONEOS_DEPLOYMENT_TARGET = 15.5;
				MTL_ENABLE_DEBUG_INFO = NO;
				MTL_FAST_MATH = YES;
				SDKROOT = iphoneos;
				SWIFT_COMPILATION_MODE = wholemodule;
				SWIFT_OPTIMIZATION_LEVEL = "-O";
				VALIDATE_PRODUCT = YES;
			};
			name = Release;
		};
		12ED239D28CCBD4D00CCED4F /* Debug */ = {
			isa = XCBuildConfiguration;
			baseConfigurationReference = 2EB92DE73482AAB3EE80BB61 /* Pods-FuluLog.debug.xcconfig */;
			buildSettings = {
				ASSETCATALOG_COMPILER_APPICON_NAME = AppIcon;
				ASSETCATALOG_COMPILER_GLOBAL_ACCENT_COLOR_NAME = AccentColor;
				CODE_SIGN_STYLE = Automatic;
				CURRENT_PROJECT_VERSION = 1.4;
				DEVELOPMENT_ASSET_PATHS = "\"FuluLog/Preview Content\"";
				DEVELOPMENT_TEAM = CGD79LB65H;
				ENABLE_PREVIEWS = YES;
				GENERATE_INFOPLIST_FILE = YES;
				INFOPLIST_FILE = FuluLog/Info.plist;
				INFOPLIST_KEY_CFBundleDisplayName = "ふるログ";
				INFOPLIST_KEY_UIApplicationSceneManifest_Generation = YES;
				INFOPLIST_KEY_UIApplicationSupportsIndirectInputEvents = YES;
				INFOPLIST_KEY_UILaunchScreen_Generation = YES;
				INFOPLIST_KEY_UISupportedInterfaceOrientations_iPad = "UIInterfaceOrientationPortrait UIInterfaceOrientationPortraitUpsideDown UIInterfaceOrientationLandscapeLeft UIInterfaceOrientationLandscapeRight";
				INFOPLIST_KEY_UISupportedInterfaceOrientations_iPhone = "UIInterfaceOrientationPortrait UIInterfaceOrientationLandscapeLeft UIInterfaceOrientationLandscapeRight";
				LD_RUNPATH_SEARCH_PATHS = (
					"$(inherited)",
					"@executable_path/Frameworks",
				);
				MARKETING_VERSION = 1.4;
				PRODUCT_BUNDLE_IDENTIFIER = com.ame.FuluLog;
				PRODUCT_NAME = "$(TARGET_NAME)";
				SWIFT_EMIT_LOC_STRINGS = YES;
				SWIFT_VERSION = 5.0;
				TARGETED_DEVICE_FAMILY = "1,2";
			};
			name = Debug;
		};
		12ED239E28CCBD4D00CCED4F /* Release */ = {
			isa = XCBuildConfiguration;
			baseConfigurationReference = A1BCA1C77E13AF204450637E /* Pods-FuluLog.release.xcconfig */;
			buildSettings = {
				ASSETCATALOG_COMPILER_APPICON_NAME = AppIcon;
				ASSETCATALOG_COMPILER_GLOBAL_ACCENT_COLOR_NAME = AccentColor;
				CODE_SIGN_STYLE = Automatic;
				CURRENT_PROJECT_VERSION = 1.4;
				DEVELOPMENT_ASSET_PATHS = "\"FuluLog/Preview Content\"";
				DEVELOPMENT_TEAM = CGD79LB65H;
				ENABLE_PREVIEWS = YES;
				GENERATE_INFOPLIST_FILE = YES;
				INFOPLIST_FILE = FuluLog/Info.plist;
				INFOPLIST_KEY_CFBundleDisplayName = "ふるログ";
				INFOPLIST_KEY_UIApplicationSceneManifest_Generation = YES;
				INFOPLIST_KEY_UIApplicationSupportsIndirectInputEvents = YES;
				INFOPLIST_KEY_UILaunchScreen_Generation = YES;
				INFOPLIST_KEY_UISupportedInterfaceOrientations_iPad = "UIInterfaceOrientationPortrait UIInterfaceOrientationPortraitUpsideDown UIInterfaceOrientationLandscapeLeft UIInterfaceOrientationLandscapeRight";
				INFOPLIST_KEY_UISupportedInterfaceOrientations_iPhone = "UIInterfaceOrientationPortrait UIInterfaceOrientationLandscapeLeft UIInterfaceOrientationLandscapeRight";
				LD_RUNPATH_SEARCH_PATHS = (
					"$(inherited)",
					"@executable_path/Frameworks",
				);
				MARKETING_VERSION = 1.4;
				PRODUCT_BUNDLE_IDENTIFIER = com.ame.FuluLog;
				PRODUCT_NAME = "$(TARGET_NAME)";
				SWIFT_EMIT_LOC_STRINGS = YES;
				SWIFT_VERSION = 5.0;
				TARGETED_DEVICE_FAMILY = "1,2";
			};
			name = Release;
		};
/* End XCBuildConfiguration section */

/* Begin XCConfigurationList section */
		12ED238928CCBD4D00CCED4F /* Build configuration list for PBXProject "FuluLog" */ = {
			isa = XCConfigurationList;
			buildConfigurations = (
				12ED239A28CCBD4D00CCED4F /* Debug */,
				12ED239B28CCBD4D00CCED4F /* Release */,
			);
			defaultConfigurationIsVisible = 0;
			defaultConfigurationName = Release;
		};
		12ED239C28CCBD4D00CCED4F /* Build configuration list for PBXNativeTarget "FuluLog" */ = {
			isa = XCConfigurationList;
			buildConfigurations = (
				12ED239D28CCBD4D00CCED4F /* Debug */,
				12ED239E28CCBD4D00CCED4F /* Release */,
			);
			defaultConfigurationIsVisible = 0;
			defaultConfigurationName = Release;
		};
/* End XCConfigurationList section */
	};
	rootObject = 12ED238628CCBD4D00CCED4F /* Project object */;
}
